
Microsoft Visual Studio Solution File, Format Version 12.00
# Visual Studio 2013
VisualStudioVersion = 12.0.21005.1
MinimumVisualStudioVersion = 10.0.40219.1
Project("{FAE04EC0-301F-11D3-BF4B-00C04F79EFBC}") = "TeacherCSVGenerator", "TeacherCSVGenerator.csproj", "{9DD14DBD-A3CA-4CEE-B3F9-74FFD5C32862}"
EndProject
Project("{FAE04EC0-301F-11D3-BF4B-00C04F79EFBC}") = "TeacherCSVGeneratorWeb", "..\TeacherCSVGeneratorWeb\TeacherCSVGeneratorWeb.csproj", "{CC5BD31C-AA4B-4C01-BEBF-9EF1EFC8FA55}"
EndProject
Global
	GlobalSection(SolutionConfigurationPlatforms) = preSolution
		Debug|Any CPU = Debug|Any CPU
		Release|Any CPU = Release|Any CPU
	EndGlobalSection
	GlobalSection(ProjectConfigurationPlatforms) = postSolution
		{9DD14DBD-A3CA-4CEE-B3F9-74FFD5C32862}.Debug|Any CPU.ActiveCfg = Debug|Any CPU
		{9DD14DBD-A3CA-4CEE-B3F9-74FFD5C32862}.Debug|Any CPU.Build.0 = Debug|Any CPU
		{9DD14DBD-A3CA-4CEE-B3F9-74FFD5C32862}.Debug|Any CPU.Deploy.0 = Debug|Any CPU
		{9DD14DBD-A3CA-4CEE-B3F9-74FFD5C32862}.Release|Any CPU.ActiveCfg = Release|Any CPU
		{9DD14DBD-A3CA-4CEE-B3F9-74FFD5C32862}.Release|Any CPU.Build.0 = Release|Any CPU
		{9DD14DBD-A3CA-4CEE-B3F9-74FFD5C32862}.Release|Any CPU.Deploy.0 = Release|Any CPU
		{CC5BD31C-AA4B-4C01-BEBF-9EF1EFC8FA55}.Debug|Any CPU.ActiveCfg = Debug|Any CPU
		{CC5BD31C-AA4B-4C01-BEBF-9EF1EFC8FA55}.Debug|Any CPU.Build.0 = Debug|Any CPU
		{CC5BD31C-AA4B-4C01-BEBF-9EF1EFC8FA55}.Release|Any CPU.ActiveCfg = Release|Any CPU
		{CC5BD31C-AA4B-4C01-BEBF-9EF1EFC8FA55}.Release|Any CPU.Build.0 = Release|Any CPU
	EndGlobalSection
	GlobalSection(SolutionProperties) = preSolution
		HideSolutionNode = FALSE
	EndGlobalSection
EndGlobal
